
Microsoft Visual Studio Solution File, Format Version 12.00
# Visual Studio Version 17
VisualStudioVersion = 17.13.35818.85 d17.13
MinimumVisualStudioVersion = 10.0.40219.1
Project("{FAE04EC0-301F-11D3-BF4B-00C04F79EFBC}") = "LargeFileSorter", "LargeFileSorter\LargeFileSorter.csproj", "{5DBF250F-08BD-4942-A0FE-5B5B33CA9034}"
EndProject
Project("{FAE04EC0-301F-11D3-BF4B-00C04F79EFBC}") = "LargeFileGenerator", "LargeFileGenerator\LargeFileGenerator.csproj", "{966955AD-F566-4C74-A37B-6DAE43FF9B60}"
EndProject
Global
	GlobalSection(SolutionConfigurationPlatforms) = preSolution
		Debug|Any CPU = Debug|Any CPU
		Release|Any CPU = Release|Any CPU
	EndGlobalSection
	GlobalSection(ProjectConfigurationPlatforms) = postSolution
		{5DBF250F-08BD-4942-A0FE-5B5B33CA9034}.Debug|Any CPU.ActiveCfg = Debug|Any CPU
		{5DBF250F-08BD-4942-A0FE-5B5B33CA9034}.Debug|Any CPU.Build.0 = Debug|Any CPU
		{5DBF250F-08BD-4942-A0FE-5B5B33CA9034}.Release|Any CPU.ActiveCfg = Release|Any CPU
		{5DBF250F-08BD-4942-A0FE-5B5B33CA9034}.Release|Any CPU.Build.0 = Release|Any CPU
		{966955AD-F566-4C74-A37B-6DAE43FF9B60}.Debug|Any CPU.ActiveCfg = Debug|Any CPU
		{966955AD-F566-4C74-A37B-6DAE43FF9B60}.Debug|Any CPU.Build.0 = Debug|Any CPU
		{966955AD-F566-4C74-A37B-6DAE43FF9B60}.Release|Any CPU.ActiveCfg = Release|Any CPU
		{966955AD-F566-4C74-A37B-6DAE43FF9B60}.Release|Any CPU.Build.0 = Release|Any CPU
	EndGlobalSection
	GlobalSection(SolutionProperties) = preSolution
		HideSolutionNode = FALSE
	EndGlobalSection
	GlobalSection(ExtensibilityGlobals) = postSolution
		SolutionGuid = {DDA33761-E304-48DC-AF65-6588C6DBEC03}
	EndGlobalSection
EndGlobal
